
Microsoft Visual Studio Solution File, Format Version 12.00
# Visual Studio Version 16
VisualStudioVersion = 16.0.31624.102
MinimumVisualStudioVersion = 10.0.40219.1
Project("{FAE04EC0-301F-11D3-BF4B-00C04F79EFBC}") = "Buclejercicio", "Buclejercicio\Buclejercicio.csproj", "{D1808757-D1EF-46BC-B982-C193FE803439}"
EndProject
Global
	GlobalSection(SolutionConfigurationPlatforms) = preSolution
		Debug|Any CPU = Debug|Any CPU
		Release|Any CPU = Release|Any CPU
	EndGlobalSection
	GlobalSection(ProjectConfigurationPlatforms) = postSolution
		{D1808757-D1EF-46BC-B982-C193FE803439}.Debug|Any CPU.ActiveCfg = Debug|Any CPU
		{D1808757-D1EF-46BC-B982-C193FE803439}.Debug|Any CPU.Build.0 = Debug|Any CPU
		{D1808757-D1EF-46BC-B982-C193FE803439}.Release|Any CPU.ActiveCfg = Release|Any CPU
		{D1808757-D1EF-46BC-B982-C193FE803439}.Release|Any CPU.Build.0 = Release|Any CPU
	EndGlobalSection
	GlobalSection(SolutionProperties) = preSolution
		HideSolutionNode = FALSE
	EndGlobalSection
	GlobalSection(ExtensibilityGlobals) = postSolution
		SolutionGuid = {E9B444C7-812E-40BF-B0DC-F3FA016F1B41}
	EndGlobalSection
EndGlobal
